# THIS IS AN AUTOGENERATED FILE. DO NOT EDIT THIS FILE DIRECTLY.
# yarn lockfile v1


"@sindresorhus/slugify@^2.2.1":
  version "2.2.1"
  resolved "https://registry.yarnpkg.com/@sindresorhus/slugify/-/slugify-2.2.1.tgz#fa2e2e25d6e1e74a2eeb5e2c37f5ccc516ed2c4b"
  integrity sha512-MkngSCRZ8JdSOCHRaYd+D01XhvU3Hjy6MGl06zhOk614hp9EOAp5gIkBeQg7wtmxpitU6eAL4kdiRMcJa2dlrw==
  dependencies:
    "@sindresorhus/transliterate" "^1.0.0"
    escape-string-regexp "^5.0.0"

"@sindresorhus/transliterate@^1.0.0":
  version "1.6.0"
  resolved "https://registry.yarnpkg.com/@sindresorhus/transliterate/-/transliterate-1.6.0.tgz#2309fff65a868047e6d2dd70dec747c5b36a8327"
  integrity sha512-doH1gimEu3A46VX6aVxpHTeHrytJAG6HgdxntYnCFiIFHEM/ZGpG8KiZGBChchjQmG0XFIBL552kBTjVcMZXwQ==
  dependencies:
    escape-string-regexp "^5.0.0"

escape-string-regexp@^5.0.0:
  version "5.0.0"
  resolved "https://registry.yarnpkg.com/escape-string-regexp/-/escape-string-regexp-5.0.0.tgz#4683126b500b61762f2dbebace1806e8be31b1c8"
  integrity sha512-/veY75JbMK4j1yjvuUxuVsiS/hr/4iHs9FTT6cgTexxdE0Ly/glccBAkloH/DofkjRbZU3bnoj38mOmhkZ0lHw==
